
Microsoft Visual Studio Solution File, Format Version 12.00
# Visual Studio Version 16
VisualStudioVersion = 16.0.31729.503
MinimumVisualStudioVersion = 10.0.40219.1
Project("{FAE04EC0-301F-11D3-BF4B-00C04F79EFBC}") = "MorenoExamen.Android", "MorenoExamen.Android\MorenoExamen.Android.csproj", "{A76344A8-9559-4850-BFF3-04F229F729D5}"
EndProject
Project("{FAE04EC0-301F-11D3-BF4B-00C04F79EFBC}") = "MorenoExamen.iOS", "MorenoExamen.iOS\MorenoExamen.iOS.csproj", "{970F29C6-779E-453B-B635-992B70ED9EE6}"
EndProject
Project("{FAE04EC0-301F-11D3-BF4B-00C04F79EFBC}") = "MorenoExamen", "MorenoExamen\MorenoExamen.csproj", "{0D05BF21-743F-4EDF-B8EB-36AC54994EC8}"
EndProject
Global
	GlobalSection(SolutionConfigurationPlatforms) = preSolution
		Debug|Any CPU = Debug|Any CPU
		Debug|iPhone = Debug|iPhone
		Debug|iPhoneSimulator = Debug|iPhoneSimulator
		Release|Any CPU = Release|Any CPU
		Release|iPhone = Release|iPhone
		Release|iPhoneSimulator = Release|iPhoneSimulator
	EndGlobalSection
	GlobalSection(ProjectConfigurationPlatforms) = postSolution
		{A76344A8-9559-4850-BFF3-04F229F729D5}.Debug|Any CPU.ActiveCfg = Debug|Any CPU
		{A76344A8-9559-4850-BFF3-04F229F729D5}.Debug|Any CPU.Build.0 = Debug|Any CPU
		{A76344A8-9559-4850-BFF3-04F229F729D5}.Debug|Any CPU.Deploy.0 = Debug|Any CPU
		{A76344A8-9559-4850-BFF3-04F229F729D5}.Debug|iPhone.ActiveCfg = Debug|Any CPU
		{A76344A8-9559-4850-BFF3-04F229F729D5}.Debug|iPhone.Build.0 = Debug|Any CPU
		{A76344A8-9559-4850-BFF3-04F229F729D5}.Debug|iPhone.Deploy.0 = Debug|Any CPU
		{A76344A8-9559-4850-BFF3-04F229F729D5}.Debug|iPhoneSimulator.ActiveCfg = Debug|Any CPU
		{A76344A8-9559-4850-BFF3-04F229F729D5}.Debug|iPhoneSimulator.Build.0 = Debug|Any CPU
		{A76344A8-9559-4850-BFF3-04F229F729D5}.Debug|iPhoneSimulator.Deploy.0 = Debug|Any CPU
		{A76344A8-9559-4850-BFF3-04F229F729D5}.Release|Any CPU.ActiveCfg = Release|Any CPU
		{A76344A8-9559-4850-BFF3-04F229F729D5}.Release|Any CPU.Build.0 = Release|Any CPU
		{A76344A8-9559-4850-BFF3-04F229F729D5}.Release|Any CPU.Deploy.0 = Release|Any CPU
		{A76344A8-9559-4850-BFF3-04F229F729D5}.Release|iPhone.ActiveCfg = Release|Any CPU
		{A76344A8-9559-4850-BFF3-04F229F729D5}.Release|iPhone.Build.0 = Release|Any CPU
		{A76344A8-9559-4850-BFF3-04F229F729D5}.Release|iPhone.Deploy.0 = Release|Any CPU
		{A76344A8-9559-4850-BFF3-04F229F729D5}.Release|iPhoneSimulator.ActiveCfg = Release|Any CPU
		{A76344A8-9559-4850-BFF3-04F229F729D5}.Release|iPhoneSimulator.Build.0 = Release|Any CPU
		{A76344A8-9559-4850-BFF3-04F229F729D5}.Release|iPhoneSimulator.Deploy.0 = Release|Any CPU
		{970F29C6-779E-453B-B635-992B70ED9EE6}.Debug|Any CPU.ActiveCfg = Debug|iPhone
		{970F29C6-779E-453B-B635-992B70ED9EE6}.Debug|Any CPU.Build.0 = Debug|iPhone
		{970F29C6-779E-453B-B635-992B70ED9EE6}.Debug|Any CPU.Deploy.0 = Debug|iPhone
		{970F29C6-779E-453B-B635-992B70ED9EE6}.Debug|iPhone.ActiveCfg = Debug|iPhone
		{970F29C6-779E-453B-B635-992B70ED9EE6}.Debug|iPhone.Build.0 = Debug|iPhone
		{970F29C6-779E-453B-B635-992B70ED9EE6}.Debug|iPhone.Deploy.0 = Debug|iPhone
		{970F29C6-779E-453B-B635-992B70ED9EE6}.Debug|iPhoneSimulator.ActiveCfg = Debug|iPhoneSimulator
		{970F29C6-779E-453B-B635-992B70ED9EE6}.Debug|iPhoneSimulator.Build.0 = Debug|iPhoneSimulator
		{970F29C6-779E-453B-B635-992B70ED9EE6}.Debug|iPhoneSimulator.Deploy.0 = Debug|iPhoneSimulator
		{970F29C6-779E-453B-B635-992B70ED9EE6}.Release|Any CPU.ActiveCfg = Release|iPhoneSimulator
		{970F29C6-779E-453B-B635-992B70ED9EE6}.Release|Any CPU.Build.0 = Release|iPhoneSimulator
		{970F29C6-779E-453B-B635-992B70ED9EE6}.Release|Any CPU.Deploy.0 = Release|iPhoneSimulator
		{970F29C6-779E-453B-B635-992B70ED9EE6}.Release|iPhone.ActiveCfg = Release|iPhone
		{970F29C6-779E-453B-B635-992B70ED9EE6}.Release|iPhone.Build.0 = Release|iPhone
		{970F29C6-779E-453B-B635-992B70ED9EE6}.Release|iPhone.Deploy.0 = Release|iPhone
		{970F29C6-779E-453B-B635-992B70ED9EE6}.Release|iPhoneSimulator.ActiveCfg = Release|iPhoneSimulator
		{970F29C6-779E-453B-B635-992B70ED9EE6}.Release|iPhoneSimulator.Build.0 = Release|iPhoneSimulator
		{970F29C6-779E-453B-B635-992B70ED9EE6}.Release|iPhoneSimulator.Deploy.0 = Release|iPhoneSimulator
		{0D05BF21-743F-4EDF-B8EB-36AC54994EC8}.Debug|Any CPU.ActiveCfg = Debug|Any CPU
		{0D05BF21-743F-4EDF-B8EB-36AC54994EC8}.Debug|Any CPU.Build.0 = Debug|Any CPU
		{0D05BF21-743F-4EDF-B8EB-36AC54994EC8}.Debug|Any CPU.Deploy.0 = Debug|Any CPU
		{0D05BF21-743F-4EDF-B8EB-36AC54994EC8}.Debug|iPhone.ActiveCfg = Debug|Any CPU
		{0D05BF21-743F-4EDF-B8EB-36AC54994EC8}.Debug|iPhone.Build.0 = Debug|Any CPU
		{0D05BF21-743F-4EDF-B8EB-36AC54994EC8}.Debug|iPhone.Deploy.0 = Debug|Any CPU
		{0D05BF21-743F-4EDF-B8EB-36AC54994EC8}.Debug|iPhoneSimulator.ActiveCfg = Debug|Any CPU
		{0D05BF21-743F-4EDF-B8EB-36AC54994EC8}.Debug|iPhoneSimulator.Build.0 = Debug|Any CPU
		{0D05BF21-743F-4EDF-B8EB-36AC54994EC8}.Debug|iPhoneSimulator.Deploy.0 = Debug|Any CPU
		{0D05BF21-743F-4EDF-B8EB-36AC54994EC8}.Release|Any CPU.ActiveCfg = Release|Any CPU
		{0D05BF21-743F-4EDF-B8EB-36AC54994EC8}.Release|Any CPU.Build.0 = Release|Any CPU
		{0D05BF21-743F-4EDF-B8EB-36AC54994EC8}.Release|Any CPU.Deploy.0 = Release|Any CPU
		{0D05BF21-743F-4EDF-B8EB-36AC54994EC8}.Release|iPhone.ActiveCfg = Release|Any CPU
		{0D05BF21-743F-4EDF-B8EB-36AC54994EC8}.Release|iPhone.Build.0 = Release|Any CPU
		{0D05BF21-743F-4EDF-B8EB-36AC54994EC8}.Release|iPhone.Deploy.0 = Release|Any CPU
		{0D05BF21-743F-4EDF-B8EB-36AC54994EC8}.Release|iPhoneSimulator.ActiveCfg = Release|Any CPU
		{0D05BF21-743F-4EDF-B8EB-36AC54994EC8}.Release|iPhoneSimulator.Build.0 = Release|Any CPU
		{0D05BF21-743F-4EDF-B8EB-36AC54994EC8}.Release|iPhoneSimulator.Deploy.0 = Release|Any CPU
	EndGlobalSection
	GlobalSection(SolutionProperties) = preSolution
		HideSolutionNode = FALSE
	EndGlobalSection
	GlobalSection(ExtensibilityGlobals) = postSolution
		SolutionGuid = {E1DBF4A8-C5DE-4488-9299-DB52AD65016E}
	EndGlobalSection
EndGlobal
